
Microsoft Visual Studio Solution File, Format Version 12.00
# Visual Studio Version 16
Project("{2150E333-8FDC-42A3-9474-1A3956D46DE8}") = "CMake", "CMake", "{42E45B8F-EC02-3EBB-B841-40B37D8C5F0C}"
EndProject
Project("{2150E333-8FDC-42A3-9474-1A3956D46DE8}") = "SFML", "SFML", "{20C9593E-CF48-3F13-A71E-CE814C475052}"
EndProject
Project("{8BC9CEB8-8B4A-11D0-8D11-00A0C91BC942}") = "FlappyBird", "FlappyBird.vcxproj", "{8037270F-E88E-3C26-B01C-FF0BC902B149}"
	ProjectSection(ProjectDependencies) = postProject
		{B9056E91-5CD6-3B40-9A11-2EA1E2952495} = {B9056E91-5CD6-3B40-9A11-2EA1E2952495}
		{1E58615B-9555-3605-B08C-6DF8F7F6B8AC} = {1E58615B-9555-3605-B08C-6DF8F7F6B8AC}
		{ACC0F4D1-F7C7-3FFF-B076-6F1296D358EB} = {ACC0F4D1-F7C7-3FFF-B076-6F1296D358EB}
		{C8275F1B-8C35-33A8-82AF-516DEC77635E} = {C8275F1B-8C35-33A8-82AF-516DEC77635E}
		{C67EC7FF-48D2-3FEE-BB6E-1D15D2CAF964} = {C67EC7FF-48D2-3FEE-BB6E-1D15D2CAF964}
		{36531F06-DA12-32EA-BAF1-8C1B528347C9} = {36531F06-DA12-32EA-BAF1-8C1B528347C9}
		{F93FC215-64F4-3C83-A16D-4D5851603C3A} = {F93FC215-64F4-3C83-A16D-4D5851603C3A}
	EndProjectSection
EndProject
Project("{8BC9CEB8-8B4A-11D0-8D11-00A0C91BC942}") = "ALL_BUILD", "ALL_BUILD.vcxproj", "{0CF5126C-9C3F-37F6-99F3-6F299FB60744}"
	ProjectSection(ProjectDependencies) = postProject
		{8037270F-E88E-3C26-B01C-FF0BC902B149} = {8037270F-E88E-3C26-B01C-FF0BC902B149}
		{B9056E91-5CD6-3B40-9A11-2EA1E2952495} = {B9056E91-5CD6-3B40-9A11-2EA1E2952495}
		{1E58615B-9555-3605-B08C-6DF8F7F6B8AC} = {1E58615B-9555-3605-B08C-6DF8F7F6B8AC}
		{ACC0F4D1-F7C7-3FFF-B076-6F1296D358EB} = {ACC0F4D1-F7C7-3FFF-B076-6F1296D358EB}
		{C8275F1B-8C35-33A8-82AF-516DEC77635E} = {C8275F1B-8C35-33A8-82AF-516DEC77635E}
		{2CCA4F25-6B80-39DA-80B2-416A73B5625A} = {2CCA4F25-6B80-39DA-80B2-416A73B5625A}
		{C67EC7FF-48D2-3FEE-BB6E-1D15D2CAF964} = {C67EC7FF-48D2-3FEE-BB6E-1D15D2CAF964}
		{36531F06-DA12-32EA-BAF1-8C1B528347C9} = {36531F06-DA12-32EA-BAF1-8C1B528347C9}
		{F93FC215-64F4-3C83-A16D-4D5851603C3A} = {F93FC215-64F4-3C83-A16D-4D5851603C3A}
	EndProjectSection
EndProject
Project("{8BC9CEB8-8B4A-11D0-8D11-00A0C91BC942}") = "INSTALL", "INSTALL.vcxproj", "{C53BBC91-CEB1-3355-96DA-F5A005098C9E}"
	ProjectSection(ProjectDependencies) = postProject
		{0CF5126C-9C3F-37F6-99F3-6F299FB60744} = {0CF5126C-9C3F-37F6-99F3-6F299FB60744}
		{1E58615B-9555-3605-B08C-6DF8F7F6B8AC} = {1E58615B-9555-3605-B08C-6DF8F7F6B8AC}
	EndProjectSection
EndProject
Project("{8BC9CEB8-8B4A-11D0-8D11-00A0C91BC942}") = "TYRANT", "TYRANT\TYRANT.vcxproj", "{B9056E91-5CD6-3B40-9A11-2EA1E2952495}"
	ProjectSection(ProjectDependencies) = postProject
		{1E58615B-9555-3605-B08C-6DF8F7F6B8AC} = {1E58615B-9555-3605-B08C-6DF8F7F6B8AC}
		{ACC0F4D1-F7C7-3FFF-B076-6F1296D358EB} = {ACC0F4D1-F7C7-3FFF-B076-6F1296D358EB}
		{C8275F1B-8C35-33A8-82AF-516DEC77635E} = {C8275F1B-8C35-33A8-82AF-516DEC77635E}
		{C67EC7FF-48D2-3FEE-BB6E-1D15D2CAF964} = {C67EC7FF-48D2-3FEE-BB6E-1D15D2CAF964}
		{36531F06-DA12-32EA-BAF1-8C1B528347C9} = {36531F06-DA12-32EA-BAF1-8C1B528347C9}
		{F93FC215-64F4-3C83-A16D-4D5851603C3A} = {F93FC215-64F4-3C83-A16D-4D5851603C3A}
	EndProjectSection
EndProject
Project("{8BC9CEB8-8B4A-11D0-8D11-00A0C91BC942}") = "ZERO_CHECK", "ZERO_CHECK.vcxproj", "{1E58615B-9555-3605-B08C-6DF8F7F6B8AC}"
	ProjectSection(ProjectDependencies) = postProject
	EndProjectSection
EndProject
Project("{8BC9CEB8-8B4A-11D0-8D11-00A0C91BC942}") = "sfml-audio", "TYRANT\vendor\sflm\src\SFML\Audio\sfml-audio.vcxproj", "{ACC0F4D1-F7C7-3FFF-B076-6F1296D358EB}"
	ProjectSection(ProjectDependencies) = postProject
		{1E58615B-9555-3605-B08C-6DF8F7F6B8AC} = {1E58615B-9555-3605-B08C-6DF8F7F6B8AC}
		{36531F06-DA12-32EA-BAF1-8C1B528347C9} = {36531F06-DA12-32EA-BAF1-8C1B528347C9}
	EndProjectSection
EndProject
Project("{8BC9CEB8-8B4A-11D0-8D11-00A0C91BC942}") = "sfml-graphics", "TYRANT\vendor\sflm\src\SFML\Graphics\sfml-graphics.vcxproj", "{C8275F1B-8C35-33A8-82AF-516DEC77635E}"
	ProjectSection(ProjectDependencies) = postProject
		{1E58615B-9555-3605-B08C-6DF8F7F6B8AC} = {1E58615B-9555-3605-B08C-6DF8F7F6B8AC}
		{36531F06-DA12-32EA-BAF1-8C1B528347C9} = {36531F06-DA12-32EA-BAF1-8C1B528347C9}
		{F93FC215-64F4-3C83-A16D-4D5851603C3A} = {F93FC215-64F4-3C83-A16D-4D5851603C3A}
	EndProjectSection
EndProject
Project("{8BC9CEB8-8B4A-11D0-8D11-00A0C91BC942}") = "sfml-main", "TYRANT\vendor\sflm\src\SFML\Main\sfml-main.vcxproj", "{2CCA4F25-6B80-39DA-80B2-416A73B5625A}"
	ProjectSection(ProjectDependencies) = postProject
		{1E58615B-9555-3605-B08C-6DF8F7F6B8AC} = {1E58615B-9555-3605-B08C-6DF8F7F6B8AC}
	EndProjectSection
EndProject
Project("{8BC9CEB8-8B4A-11D0-8D11-00A0C91BC942}") = "sfml-network", "TYRANT\vendor\sflm\src\SFML\Network\sfml-network.vcxproj", "{C67EC7FF-48D2-3FEE-BB6E-1D15D2CAF964}"
	ProjectSection(ProjectDependencies) = postProject
		{1E58615B-9555-3605-B08C-6DF8F7F6B8AC} = {1E58615B-9555-3605-B08C-6DF8F7F6B8AC}
		{36531F06-DA12-32EA-BAF1-8C1B528347C9} = {36531F06-DA12-32EA-BAF1-8C1B528347C9}
	EndProjectSection
EndProject
Project("{8BC9CEB8-8B4A-11D0-8D11-00A0C91BC942}") = "sfml-system", "TYRANT\vendor\sflm\src\SFML\System\sfml-system.vcxproj", "{36531F06-DA12-32EA-BAF1-8C1B528347C9}"
	ProjectSection(ProjectDependencies) = postProject
		{1E58615B-9555-3605-B08C-6DF8F7F6B8AC} = {1E58615B-9555-3605-B08C-6DF8F7F6B8AC}
	EndProjectSection
EndProject
Project("{8BC9CEB8-8B4A-11D0-8D11-00A0C91BC942}") = "sfml-window", "TYRANT\vendor\sflm\src\SFML\Window\sfml-window.vcxproj", "{F93FC215-64F4-3C83-A16D-4D5851603C3A}"
	ProjectSection(ProjectDependencies) = postProject
		{1E58615B-9555-3605-B08C-6DF8F7F6B8AC} = {1E58615B-9555-3605-B08C-6DF8F7F6B8AC}
		{36531F06-DA12-32EA-BAF1-8C1B528347C9} = {36531F06-DA12-32EA-BAF1-8C1B528347C9}
	EndProjectSection
EndProject
Global
	GlobalSection(SolutionConfigurationPlatforms) = preSolution
		Debug|x64 = Debug|x64
		Release|x64 = Release|x64
		MinSizeRel|x64 = MinSizeRel|x64
		RelWithDebInfo|x64 = RelWithDebInfo|x64
	EndGlobalSection
	GlobalSection(ProjectConfigurationPlatforms) = postSolution
		{8037270F-E88E-3C26-B01C-FF0BC902B149}.Debug|x64.ActiveCfg = Debug|x64
		{8037270F-E88E-3C26-B01C-FF0BC902B149}.Debug|x64.Build.0 = Debug|x64
		{8037270F-E88E-3C26-B01C-FF0BC902B149}.Release|x64.ActiveCfg = Release|x64
		{8037270F-E88E-3C26-B01C-FF0BC902B149}.Release|x64.Build.0 = Release|x64
		{8037270F-E88E-3C26-B01C-FF0BC902B149}.MinSizeRel|x64.ActiveCfg = MinSizeRel|x64
		{8037270F-E88E-3C26-B01C-FF0BC902B149}.MinSizeRel|x64.Build.0 = MinSizeRel|x64
		{8037270F-E88E-3C26-B01C-FF0BC902B149}.RelWithDebInfo|x64.ActiveCfg = RelWithDebInfo|x64
		{8037270F-E88E-3C26-B01C-FF0BC902B149}.RelWithDebInfo|x64.Build.0 = RelWithDebInfo|x64
		{0CF5126C-9C3F-37F6-99F3-6F299FB60744}.Debug|x64.ActiveCfg = Debug|x64
		{0CF5126C-9C3F-37F6-99F3-6F299FB60744}.Debug|x64.Build.0 = Debug|x64
		{0CF5126C-9C3F-37F6-99F3-6F299FB60744}.Release|x64.ActiveCfg = Release|x64
		{0CF5126C-9C3F-37F6-99F3-6F299FB60744}.Release|x64.Build.0 = Release|x64
		{0CF5126C-9C3F-37F6-99F3-6F299FB60744}.MinSizeRel|x64.ActiveCfg = MinSizeRel|x64
		{0CF5126C-9C3F-37F6-99F3-6F299FB60744}.MinSizeRel|x64.Build.0 = MinSizeRel|x64
		{0CF5126C-9C3F-37F6-99F3-6F299FB60744}.RelWithDebInfo|x64.ActiveCfg = RelWithDebInfo|x64
		{0CF5126C-9C3F-37F6-99F3-6F299FB60744}.RelWithDebInfo|x64.Build.0 = RelWithDebInfo|x64
		{C53BBC91-CEB1-3355-96DA-F5A005098C9E}.Debug|x64.ActiveCfg = Debug|x64
		{C53BBC91-CEB1-3355-96DA-F5A005098C9E}.Release|x64.ActiveCfg = Release|x64
		{C53BBC91-CEB1-3355-96DA-F5A005098C9E}.MinSizeRel|x64.ActiveCfg = MinSizeRel|x64
		{C53BBC91-CEB1-3355-96DA-F5A005098C9E}.RelWithDebInfo|x64.ActiveCfg = RelWithDebInfo|x64
		{B9056E91-5CD6-3B40-9A11-2EA1E2952495}.Debug|x64.ActiveCfg = Debug|x64
		{B9056E91-5CD6-3B40-9A11-2EA1E2952495}.Debug|x64.Build.0 = Debug|x64
		{B9056E91-5CD6-3B40-9A11-2EA1E2952495}.Release|x64.ActiveCfg = Release|x64
		{B9056E91-5CD6-3B40-9A11-2EA1E2952495}.Release|x64.Build.0 = Release|x64
		{B9056E91-5CD6-3B40-9A11-2EA1E2952495}.MinSizeRel|x64.ActiveCfg = MinSizeRel|x64
		{B9056E91-5CD6-3B40-9A11-2EA1E2952495}.MinSizeRel|x64.Build.0 = MinSizeRel|x64
		{B9056E91-5CD6-3B40-9A11-2EA1E2952495}.RelWithDebInfo|x64.ActiveCfg = RelWithDebInfo|x64
		{B9056E91-5CD6-3B40-9A11-2EA1E2952495}.RelWithDebInfo|x64.Build.0 = RelWithDebInfo|x64
		{1E58615B-9555-3605-B08C-6DF8F7F6B8AC}.Debug|x64.ActiveCfg = Debug|x64
		{1E58615B-9555-3605-B08C-6DF8F7F6B8AC}.Debug|x64.Build.0 = Debug|x64
		{1E58615B-9555-3605-B08C-6DF8F7F6B8AC}.Release|x64.ActiveCfg = Release|x64
		{1E58615B-9555-3605-B08C-6DF8F7F6B8AC}.Release|x64.Build.0 = Release|x64
		{1E58615B-9555-3605-B08C-6DF8F7F6B8AC}.MinSizeRel|x64.ActiveCfg = MinSizeRel|x64
		{1E58615B-9555-3605-B08C-6DF8F7F6B8AC}.MinSizeRel|x64.Build.0 = MinSizeRel|x64
		{1E58615B-9555-3605-B08C-6DF8F7F6B8AC}.RelWithDebInfo|x64.ActiveCfg = RelWithDebInfo|x64
		{1E58615B-9555-3605-B08C-6DF8F7F6B8AC}.RelWithDebInfo|x64.Build.0 = RelWithDebInfo|x64
		{ACC0F4D1-F7C7-3FFF-B076-6F1296D358EB}.Debug|x64.ActiveCfg = Debug|x64
		{ACC0F4D1-F7C7-3FFF-B076-6F1296D358EB}.Debug|x64.Build.0 = Debug|x64
		{ACC0F4D1-F7C7-3FFF-B076-6F1296D358EB}.Release|x64.ActiveCfg = Release|x64
		{ACC0F4D1-F7C7-3FFF-B076-6F1296D358EB}.Release|x64.Build.0 = Release|x64
		{ACC0F4D1-F7C7-3FFF-B076-6F1296D358EB}.MinSizeRel|x64.ActiveCfg = MinSizeRel|x64
		{ACC0F4D1-F7C7-3FFF-B076-6F1296D358EB}.MinSizeRel|x64.Build.0 = MinSizeRel|x64
		{ACC0F4D1-F7C7-3FFF-B076-6F1296D358EB}.RelWithDebInfo|x64.ActiveCfg = RelWithDebInfo|x64
		{ACC0F4D1-F7C7-3FFF-B076-6F1296D358EB}.RelWithDebInfo|x64.Build.0 = RelWithDebInfo|x64
		{C8275F1B-8C35-33A8-82AF-516DEC77635E}.Debug|x64.ActiveCfg = Debug|x64
		{C8275F1B-8C35-33A8-82AF-516DEC77635E}.Debug|x64.Build.0 = Debug|x64
		{C8275F1B-8C35-33A8-82AF-516DEC77635E}.Release|x64.ActiveCfg = Release|x64
		{C8275F1B-8C35-33A8-82AF-516DEC77635E}.Release|x64.Build.0 = Release|x64
		{C8275F1B-8C35-33A8-82AF-516DEC77635E}.MinSizeRel|x64.ActiveCfg = MinSizeRel|x64
		{C8275F1B-8C35-33A8-82AF-516DEC77635E}.MinSizeRel|x64.Build.0 = MinSizeRel|x64
		{C8275F1B-8C35-33A8-82AF-516DEC77635E}.RelWithDebInfo|x64.ActiveCfg = RelWithDebInfo|x64
		{C8275F1B-8C35-33A8-82AF-516DEC77635E}.RelWithDebInfo|x64.Build.0 = RelWithDebInfo|x64
		{2CCA4F25-6B80-39DA-80B2-416A73B5625A}.Debug|x64.ActiveCfg = Debug|x64
		{2CCA4F25-6B80-39DA-80B2-416A73B5625A}.Debug|x64.Build.0 = Debug|x64
		{2CCA4F25-6B80-39DA-80B2-416A73B5625A}.Release|x64.ActiveCfg = Release|x64
		{2CCA4F25-6B80-39DA-80B2-416A73B5625A}.Release|x64.Build.0 = Release|x64
		{2CCA4F25-6B80-39DA-80B2-416A73B5625A}.MinSizeRel|x64.ActiveCfg = MinSizeRel|x64
		{2CCA4F25-6B80-39DA-80B2-416A73B5625A}.MinSizeRel|x64.Build.0 = MinSizeRel|x64
		{2CCA4F25-6B80-39DA-80B2-416A73B5625A}.RelWithDebInfo|x64.ActiveCfg = RelWithDebInfo|x64
		{2CCA4F25-6B80-39DA-80B2-416A73B5625A}.RelWithDebInfo|x64.Build.0 = RelWithDebInfo|x64
		{C67EC7FF-48D2-3FEE-BB6E-1D15D2CAF964}.Debug|x64.ActiveCfg = Debug|x64
		{C67EC7FF-48D2-3FEE-BB6E-1D15D2CAF964}.Debug|x64.Build.0 = Debug|x64
		{C67EC7FF-48D2-3FEE-BB6E-1D15D2CAF964}.Release|x64.ActiveCfg = Release|x64
		{C67EC7FF-48D2-3FEE-BB6E-1D15D2CAF964}.Release|x64.Build.0 = Release|x64
		{C67EC7FF-48D2-3FEE-BB6E-1D15D2CAF964}.MinSizeRel|x64.ActiveCfg = MinSizeRel|x64
		{C67EC7FF-48D2-3FEE-BB6E-1D15D2CAF964}.MinSizeRel|x64.Build.0 = MinSizeRel|x64
		{C67EC7FF-48D2-3FEE-BB6E-1D15D2CAF964}.RelWithDebInfo|x64.ActiveCfg = RelWithDebInfo|x64
		{C67EC7FF-48D2-3FEE-BB6E-1D15D2CAF964}.RelWithDebInfo|x64.Build.0 = RelWithDebInfo|x64
		{36531F06-DA12-32EA-BAF1-8C1B528347C9}.Debug|x64.ActiveCfg = Debug|x64
		{36531F06-DA12-32EA-BAF1-8C1B528347C9}.Debug|x64.Build.0 = Debug|x64
		{36531F06-DA12-32EA-BAF1-8C1B528347C9}.Release|x64.ActiveCfg = Release|x64
		{36531F06-DA12-32EA-BAF1-8C1B528347C9}.Release|x64.Build.0 = Release|x64
		{36531F06-DA12-32EA-BAF1-8C1B528347C9}.MinSizeRel|x64.ActiveCfg = MinSizeRel|x64
		{36531F06-DA12-32EA-BAF1-8C1B528347C9}.MinSizeRel|x64.Build.0 = MinSizeRel|x64
		{36531F06-DA12-32EA-BAF1-8C1B528347C9}.RelWithDebInfo|x64.ActiveCfg = RelWithDebInfo|x64
		{36531F06-DA12-32EA-BAF1-8C1B528347C9}.RelWithDebInfo|x64.Build.0 = RelWithDebInfo|x64
		{F93FC215-64F4-3C83-A16D-4D5851603C3A}.Debug|x64.ActiveCfg = Debug|x64
		{F93FC215-64F4-3C83-A16D-4D5851603C3A}.Debug|x64.Build.0 = Debug|x64
		{F93FC215-64F4-3C83-A16D-4D5851603C3A}.Release|x64.ActiveCfg = Release|x64
		{F93FC215-64F4-3C83-A16D-4D5851603C3A}.Release|x64.Build.0 = Release|x64
		{F93FC215-64F4-3C83-A16D-4D5851603C3A}.MinSizeRel|x64.ActiveCfg = MinSizeRel|x64
		{F93FC215-64F4-3C83-A16D-4D5851603C3A}.MinSizeRel|x64.Build.0 = MinSizeRel|x64
		{F93FC215-64F4-3C83-A16D-4D5851603C3A}.RelWithDebInfo|x64.ActiveCfg = RelWithDebInfo|x64
		{F93FC215-64F4-3C83-A16D-4D5851603C3A}.RelWithDebInfo|x64.Build.0 = RelWithDebInfo|x64
	EndGlobalSection
	GlobalSection(NestedProjects) = preSolution
		{0CF5126C-9C3F-37F6-99F3-6F299FB60744} = {42E45B8F-EC02-3EBB-B841-40B37D8C5F0C}
		{C53BBC91-CEB1-3355-96DA-F5A005098C9E} = {42E45B8F-EC02-3EBB-B841-40B37D8C5F0C}
		{1E58615B-9555-3605-B08C-6DF8F7F6B8AC} = {42E45B8F-EC02-3EBB-B841-40B37D8C5F0C}
		{ACC0F4D1-F7C7-3FFF-B076-6F1296D358EB} = {20C9593E-CF48-3F13-A71E-CE814C475052}
		{C8275F1B-8C35-33A8-82AF-516DEC77635E} = {20C9593E-CF48-3F13-A71E-CE814C475052}
		{2CCA4F25-6B80-39DA-80B2-416A73B5625A} = {20C9593E-CF48-3F13-A71E-CE814C475052}
		{C67EC7FF-48D2-3FEE-BB6E-1D15D2CAF964} = {20C9593E-CF48-3F13-A71E-CE814C475052}
		{36531F06-DA12-32EA-BAF1-8C1B528347C9} = {20C9593E-CF48-3F13-A71E-CE814C475052}
		{F93FC215-64F4-3C83-A16D-4D5851603C3A} = {20C9593E-CF48-3F13-A71E-CE814C475052}
	EndGlobalSection
	GlobalSection(ExtensibilityGlobals) = postSolution
		SolutionGuid = {5A707EE6-C68C-34E3-A1F5-3A54022A6A46}
	EndGlobalSection
	GlobalSection(ExtensibilityAddIns) = postSolution
	EndGlobalSection
EndGlobal
